
Microsoft Visual Studio Solution File, Format Version 12.00
# Visual Studio Version 16
VisualStudioVersion = 16.0.29409.12
MinimumVisualStudioVersion = 10.0.40219.1
Project("{9A19103F-16F7-4668-BE54-9A1E7A4F7556}") = "Sudoku", "Sudoku\Sudoku.csproj", "{5FD86A85-9AC7-4183-9ECF-B26D550F6BF0}"
EndProject
Project("{9A19103F-16F7-4668-BE54-9A1E7A4F7556}") = "Sudoku.Tests", "Sudoku.Tests\Sudoku.Tests.csproj", "{ECAD226E-C734-4C1A-B935-060E2CD92B45}"
EndProject
Project("{FAE04EC0-301F-11D3-BF4B-00C04F79EFBC}") = "Sudoku.App.UWP", "Sudoku.App.UWP\Sudoku.App.UWP.csproj", "{1F7BA6FD-0ACF-469A-AAFF-6C6A7491B839}"
EndProject
Project("{9A19103F-16F7-4668-BE54-9A1E7A4F7556}") = "Sudoku.App", "Sudoku.App\Sudoku.App.csproj", "{5BD1B914-2453-4F2F-B5A6-FFA10E3AF8AB}"
EndProject
Project("{FAE04EC0-301F-11D3-BF4B-00C04F79EFBC}") = "Sudoku.App.Mobile.Android", "Sudoku.App.Mobile\Sudoku.App.Mobile.Android\Sudoku.App.Mobile.Android.csproj", "{DEB73938-E5A8-4490-BA99-E96A5EF8D4D2}"
EndProject
Project("{FAE04EC0-301F-11D3-BF4B-00C04F79EFBC}") = "Sudoku.App.Mobile.iOS", "Sudoku.App.Mobile\Sudoku.App.Mobile.iOS\Sudoku.App.Mobile.iOS.csproj", "{0BDB70F4-849E-4417-B027-4959DE6F085F}"
EndProject
Project("{FAE04EC0-301F-11D3-BF4B-00C04F79EFBC}") = "Sudoku.App.Mobile", "Sudoku.App.Mobile\Sudoku.App.Mobile\Sudoku.App.Mobile.csproj", "{82C40329-9AA7-4F6F-A62F-463DD84BF5C8}"
EndProject
Global
	GlobalSection(SolutionConfigurationPlatforms) = preSolution
		Debug|Any CPU = Debug|Any CPU
		Debug|ARM = Debug|ARM
		Debug|ARM64 = Debug|ARM64
		Debug|iPhone = Debug|iPhone
		Debug|iPhoneSimulator = Debug|iPhoneSimulator
		Debug|x64 = Debug|x64
		Debug|x86 = Debug|x86
		Release|Any CPU = Release|Any CPU
		Release|ARM = Release|ARM
		Release|ARM64 = Release|ARM64
		Release|iPhone = Release|iPhone
		Release|iPhoneSimulator = Release|iPhoneSimulator
		Release|x64 = Release|x64
		Release|x86 = Release|x86
	EndGlobalSection
	GlobalSection(ProjectConfigurationPlatforms) = postSolution
		{5FD86A85-9AC7-4183-9ECF-B26D550F6BF0}.Debug|Any CPU.ActiveCfg = Debug|Any CPU
		{5FD86A85-9AC7-4183-9ECF-B26D550F6BF0}.Debug|Any CPU.Build.0 = Debug|Any CPU
		{5FD86A85-9AC7-4183-9ECF-B26D550F6BF0}.Debug|ARM.ActiveCfg = Debug|Any CPU
		{5FD86A85-9AC7-4183-9ECF-B26D550F6BF0}.Debug|ARM.Build.0 = Debug|Any CPU
		{5FD86A85-9AC7-4183-9ECF-B26D550F6BF0}.Debug|ARM64.ActiveCfg = Debug|Any CPU
		{5FD86A85-9AC7-4183-9ECF-B26D550F6BF0}.Debug|ARM64.Build.0 = Debug|Any CPU
		{5FD86A85-9AC7-4183-9ECF-B26D550F6BF0}.Debug|iPhone.ActiveCfg = Debug|Any CPU
		{5FD86A85-9AC7-4183-9ECF-B26D550F6BF0}.Debug|iPhone.Build.0 = Debug|Any CPU
		{5FD86A85-9AC7-4183-9ECF-B26D550F6BF0}.Debug|iPhoneSimulator.ActiveCfg = Debug|Any CPU
		{5FD86A85-9AC7-4183-9ECF-B26D550F6BF0}.Debug|iPhoneSimulator.Build.0 = Debug|Any CPU
		{5FD86A85-9AC7-4183-9ECF-B26D550F6BF0}.Debug|x64.ActiveCfg = Debug|Any CPU
		{5FD86A85-9AC7-4183-9ECF-B26D550F6BF0}.Debug|x64.Build.0 = Debug|Any CPU
		{5FD86A85-9AC7-4183-9ECF-B26D550F6BF0}.Debug|x86.ActiveCfg = Debug|Any CPU
		{5FD86A85-9AC7-4183-9ECF-B26D550F6BF0}.Debug|x86.Build.0 = Debug|Any CPU
		{5FD86A85-9AC7-4183-9ECF-B26D550F6BF0}.Release|Any CPU.ActiveCfg = Release|Any CPU
		{5FD86A85-9AC7-4183-9ECF-B26D550F6BF0}.Release|Any CPU.Build.0 = Release|Any CPU
		{5FD86A85-9AC7-4183-9ECF-B26D550F6BF0}.Release|ARM.ActiveCfg = Release|Any CPU
		{5FD86A85-9AC7-4183-9ECF-B26D550F6BF0}.Release|ARM.Build.0 = Release|Any CPU
		{5FD86A85-9AC7-4183-9ECF-B26D550F6BF0}.Release|ARM64.ActiveCfg = Release|Any CPU
		{5FD86A85-9AC7-4183-9ECF-B26D550F6BF0}.Release|ARM64.Build.0 = Release|Any CPU
		{5FD86A85-9AC7-4183-9ECF-B26D550F6BF0}.Release|iPhone.ActiveCfg = Release|Any CPU
		{5FD86A85-9AC7-4183-9ECF-B26D550F6BF0}.Release|iPhone.Build.0 = Release|Any CPU
		{5FD86A85-9AC7-4183-9ECF-B26D550F6BF0}.Release|iPhoneSimulator.ActiveCfg = Release|Any CPU
		{5FD86A85-9AC7-4183-9ECF-B26D550F6BF0}.Release|iPhoneSimulator.Build.0 = Release|Any CPU
		{5FD86A85-9AC7-4183-9ECF-B26D550F6BF0}.Release|x64.ActiveCfg = Release|Any CPU
		{5FD86A85-9AC7-4183-9ECF-B26D550F6BF0}.Release|x64.Build.0 = Release|Any CPU
		{5FD86A85-9AC7-4183-9ECF-B26D550F6BF0}.Release|x86.ActiveCfg = Release|Any CPU
		{5FD86A85-9AC7-4183-9ECF-B26D550F6BF0}.Release|x86.Build.0 = Release|Any CPU
		{ECAD226E-C734-4C1A-B935-060E2CD92B45}.Debug|Any CPU.ActiveCfg = Debug|Any CPU
		{ECAD226E-C734-4C1A-B935-060E2CD92B45}.Debug|Any CPU.Build.0 = Debug|Any CPU
		{ECAD226E-C734-4C1A-B935-060E2CD92B45}.Debug|ARM.ActiveCfg = Debug|Any CPU
		{ECAD226E-C734-4C1A-B935-060E2CD92B45}.Debug|ARM.Build.0 = Debug|Any CPU
		{ECAD226E-C734-4C1A-B935-060E2CD92B45}.Debug|ARM64.ActiveCfg = Debug|Any CPU
		{ECAD226E-C734-4C1A-B935-060E2CD92B45}.Debug|ARM64.Build.0 = Debug|Any CPU
		{ECAD226E-C734-4C1A-B935-060E2CD92B45}.Debug|iPhone.ActiveCfg = Debug|Any CPU
		{ECAD226E-C734-4C1A-B935-060E2CD92B45}.Debug|iPhone.Build.0 = Debug|Any CPU
		{ECAD226E-C734-4C1A-B935-060E2CD92B45}.Debug|iPhoneSimulator.ActiveCfg = Debug|Any CPU
		{ECAD226E-C734-4C1A-B935-060E2CD92B45}.Debug|iPhoneSimulator.Build.0 = Debug|Any CPU
		{ECAD226E-C734-4C1A-B935-060E2CD92B45}.Debug|x64.ActiveCfg = Debug|Any CPU
		{ECAD226E-C734-4C1A-B935-060E2CD92B45}.Debug|x64.Build.0 = Debug|Any CPU
		{ECAD226E-C734-4C1A-B935-060E2CD92B45}.Debug|x86.ActiveCfg = Debug|Any CPU
		{ECAD226E-C734-4C1A-B935-060E2CD92B45}.Debug|x86.Build.0 = Debug|Any CPU
		{ECAD226E-C734-4C1A-B935-060E2CD92B45}.Release|Any CPU.ActiveCfg = Release|Any CPU
		{ECAD226E-C734-4C1A-B935-060E2CD92B45}.Release|Any CPU.Build.0 = Release|Any CPU
		{ECAD226E-C734-4C1A-B935-060E2CD92B45}.Release|ARM.ActiveCfg = Release|Any CPU
		{ECAD226E-C734-4C1A-B935-060E2CD92B45}.Release|ARM.Build.0 = Release|Any CPU
		{ECAD226E-C734-4C1A-B935-060E2CD92B45}.Release|ARM64.ActiveCfg = Release|Any CPU
		{ECAD226E-C734-4C1A-B935-060E2CD92B45}.Release|ARM64.Build.0 = Release|Any CPU
		{ECAD226E-C734-4C1A-B935-060E2CD92B45}.Release|iPhone.ActiveCfg = Release|Any CPU
		{ECAD226E-C734-4C1A-B935-060E2CD92B45}.Release|iPhone.Build.0 = Release|Any CPU
		{ECAD226E-C734-4C1A-B935-060E2CD92B45}.Release|iPhoneSimulator.ActiveCfg = Release|Any CPU
		{ECAD226E-C734-4C1A-B935-060E2CD92B45}.Release|iPhoneSimulator.Build.0 = Release|Any CPU
		{ECAD226E-C734-4C1A-B935-060E2CD92B45}.Release|x64.ActiveCfg = Release|Any CPU
		{ECAD226E-C734-4C1A-B935-060E2CD92B45}.Release|x64.Build.0 = Release|Any CPU
		{ECAD226E-C734-4C1A-B935-060E2CD92B45}.Release|x86.ActiveCfg = Release|Any CPU
		{ECAD226E-C734-4C1A-B935-060E2CD92B45}.Release|x86.Build.0 = Release|Any CPU
		{1F7BA6FD-0ACF-469A-AAFF-6C6A7491B839}.Debug|Any CPU.ActiveCfg = Debug|x86
		{1F7BA6FD-0ACF-469A-AAFF-6C6A7491B839}.Debug|ARM.ActiveCfg = Debug|ARM
		{1F7BA6FD-0ACF-469A-AAFF-6C6A7491B839}.Debug|ARM.Build.0 = Debug|ARM
		{1F7BA6FD-0ACF-469A-AAFF-6C6A7491B839}.Debug|ARM.Deploy.0 = Debug|ARM
		{1F7BA6FD-0ACF-469A-AAFF-6C6A7491B839}.Debug|ARM64.ActiveCfg = Debug|ARM64
		{1F7BA6FD-0ACF-469A-AAFF-6C6A7491B839}.Debug|ARM64.Build.0 = Debug|ARM64
		{1F7BA6FD-0ACF-469A-AAFF-6C6A7491B839}.Debug|ARM64.Deploy.0 = Debug|ARM64
		{1F7BA6FD-0ACF-469A-AAFF-6C6A7491B839}.Debug|iPhone.ActiveCfg = Debug|x86
		{1F7BA6FD-0ACF-469A-AAFF-6C6A7491B839}.Debug|iPhoneSimulator.ActiveCfg = Debug|x86
		{1F7BA6FD-0ACF-469A-AAFF-6C6A7491B839}.Debug|x64.ActiveCfg = Debug|x64
		{1F7BA6FD-0ACF-469A-AAFF-6C6A7491B839}.Debug|x64.Build.0 = Debug|x64
		{1F7BA6FD-0ACF-469A-AAFF-6C6A7491B839}.Debug|x64.Deploy.0 = Debug|x64
		{1F7BA6FD-0ACF-469A-AAFF-6C6A7491B839}.Debug|x86.ActiveCfg = Debug|x86
		{1F7BA6FD-0ACF-469A-AAFF-6C6A7491B839}.Debug|x86.Build.0 = Debug|x86
		{1F7BA6FD-0ACF-469A-AAFF-6C6A7491B839}.Debug|x86.Deploy.0 = Debug|x86
		{1F7BA6FD-0ACF-469A-AAFF-6C6A7491B839}.Release|Any CPU.ActiveCfg = Release|x86
		{1F7BA6FD-0ACF-469A-AAFF-6C6A7491B839}.Release|ARM.ActiveCfg = Release|ARM
		{1F7BA6FD-0ACF-469A-AAFF-6C6A7491B839}.Release|ARM.Build.0 = Release|ARM
		{1F7BA6FD-0ACF-469A-AAFF-6C6A7491B839}.Release|ARM.Deploy.0 = Release|ARM
		{1F7BA6FD-0ACF-469A-AAFF-6C6A7491B839}.Release|ARM64.ActiveCfg = Release|ARM64
		{1F7BA6FD-0ACF-469A-AAFF-6C6A7491B839}.Release|ARM64.Build.0 = Release|ARM64
		{1F7BA6FD-0ACF-469A-AAFF-6C6A7491B839}.Release|ARM64.Deploy.0 = Release|ARM64
		{1F7BA6FD-0ACF-469A-AAFF-6C6A7491B839}.Release|iPhone.ActiveCfg = Release|x86
		{1F7BA6FD-0ACF-469A-AAFF-6C6A7491B839}.Release|iPhoneSimulator.ActiveCfg = Release|x86
		{1F7BA6FD-0ACF-469A-AAFF-6C6A7491B839}.Release|x64.ActiveCfg = Release|x64
		{1F7BA6FD-0ACF-469A-AAFF-6C6A7491B839}.Release|x64.Build.0 = Release|x64
		{1F7BA6FD-0ACF-469A-AAFF-6C6A7491B839}.Release|x64.Deploy.0 = Release|x64
		{1F7BA6FD-0ACF-469A-AAFF-6C6A7491B839}.Release|x86.ActiveCfg = Release|x86
		{1F7BA6FD-0ACF-469A-AAFF-6C6A7491B839}.Release|x86.Build.0 = Release|x86
		{1F7BA6FD-0ACF-469A-AAFF-6C6A7491B839}.Release|x86.Deploy.0 = Release|x86
		{5BD1B914-2453-4F2F-B5A6-FFA10E3AF8AB}.Debug|Any CPU.ActiveCfg = Debug|Any CPU
		{5BD1B914-2453-4F2F-B5A6-FFA10E3AF8AB}.Debug|Any CPU.Build.0 = Debug|Any CPU
		{5BD1B914-2453-4F2F-B5A6-FFA10E3AF8AB}.Debug|ARM.ActiveCfg = Debug|Any CPU
		{5BD1B914-2453-4F2F-B5A6-FFA10E3AF8AB}.Debug|ARM.Build.0 = Debug|Any CPU
		{5BD1B914-2453-4F2F-B5A6-FFA10E3AF8AB}.Debug|ARM64.ActiveCfg = Debug|Any CPU
		{5BD1B914-2453-4F2F-B5A6-FFA10E3AF8AB}.Debug|ARM64.Build.0 = Debug|Any CPU
		{5BD1B914-2453-4F2F-B5A6-FFA10E3AF8AB}.Debug|iPhone.ActiveCfg = Debug|Any CPU
		{5BD1B914-2453-4F2F-B5A6-FFA10E3AF8AB}.Debug|iPhone.Build.0 = Debug|Any CPU
		{5BD1B914-2453-4F2F-B5A6-FFA10E3AF8AB}.Debug|iPhoneSimulator.ActiveCfg = Debug|Any CPU
		{5BD1B914-2453-4F2F-B5A6-FFA10E3AF8AB}.Debug|iPhoneSimulator.Build.0 = Debug|Any CPU
		{5BD1B914-2453-4F2F-B5A6-FFA10E3AF8AB}.Debug|x64.ActiveCfg = Debug|Any CPU
		{5BD1B914-2453-4F2F-B5A6-FFA10E3AF8AB}.Debug|x64.Build.0 = Debug|Any CPU
		{5BD1B914-2453-4F2F-B5A6-FFA10E3AF8AB}.Debug|x86.ActiveCfg = Debug|Any CPU
		{5BD1B914-2453-4F2F-B5A6-FFA10E3AF8AB}.Debug|x86.Build.0 = Debug|Any CPU
		{5BD1B914-2453-4F2F-B5A6-FFA10E3AF8AB}.Release|Any CPU.ActiveCfg = Release|Any CPU
		{5BD1B914-2453-4F2F-B5A6-FFA10E3AF8AB}.Release|Any CPU.Build.0 = Release|Any CPU
		{5BD1B914-2453-4F2F-B5A6-FFA10E3AF8AB}.Release|ARM.ActiveCfg = Release|Any CPU
		{5BD1B914-2453-4F2F-B5A6-FFA10E3AF8AB}.Release|ARM.Build.0 = Release|Any CPU
		{5BD1B914-2453-4F2F-B5A6-FFA10E3AF8AB}.Release|ARM64.ActiveCfg = Release|Any CPU
		{5BD1B914-2453-4F2F-B5A6-FFA10E3AF8AB}.Release|ARM64.Build.0 = Release|Any CPU
		{5BD1B914-2453-4F2F-B5A6-FFA10E3AF8AB}.Release|iPhone.ActiveCfg = Release|Any CPU
		{5BD1B914-2453-4F2F-B5A6-FFA10E3AF8AB}.Release|iPhone.Build.0 = Release|Any CPU
		{5BD1B914-2453-4F2F-B5A6-FFA10E3AF8AB}.Release|iPhoneSimulator.ActiveCfg = Release|Any CPU
		{5BD1B914-2453-4F2F-B5A6-FFA10E3AF8AB}.Release|iPhoneSimulator.Build.0 = Release|Any CPU
		{5BD1B914-2453-4F2F-B5A6-FFA10E3AF8AB}.Release|x64.ActiveCfg = Release|Any CPU
		{5BD1B914-2453-4F2F-B5A6-FFA10E3AF8AB}.Release|x64.Build.0 = Release|Any CPU
		{5BD1B914-2453-4F2F-B5A6-FFA10E3AF8AB}.Release|x86.ActiveCfg = Release|Any CPU
		{5BD1B914-2453-4F2F-B5A6-FFA10E3AF8AB}.Release|x86.Build.0 = Release|Any CPU
		{DEB73938-E5A8-4490-BA99-E96A5EF8D4D2}.Debug|Any CPU.ActiveCfg = Debug|Any CPU
		{DEB73938-E5A8-4490-BA99-E96A5EF8D4D2}.Debug|Any CPU.Build.0 = Debug|Any CPU
		{DEB73938-E5A8-4490-BA99-E96A5EF8D4D2}.Debug|Any CPU.Deploy.0 = Debug|Any CPU
		{DEB73938-E5A8-4490-BA99-E96A5EF8D4D2}.Debug|ARM.ActiveCfg = Debug|Any CPU
		{DEB73938-E5A8-4490-BA99-E96A5EF8D4D2}.Debug|ARM.Build.0 = Debug|Any CPU
		{DEB73938-E5A8-4490-BA99-E96A5EF8D4D2}.Debug|ARM.Deploy.0 = Debug|Any CPU
		{DEB73938-E5A8-4490-BA99-E96A5EF8D4D2}.Debug|ARM64.ActiveCfg = Debug|Any CPU
		{DEB73938-E5A8-4490-BA99-E96A5EF8D4D2}.Debug|ARM64.Build.0 = Debug|Any CPU
		{DEB73938-E5A8-4490-BA99-E96A5EF8D4D2}.Debug|ARM64.Deploy.0 = Debug|Any CPU
		{DEB73938-E5A8-4490-BA99-E96A5EF8D4D2}.Debug|iPhone.ActiveCfg = Debug|Any CPU
		{DEB73938-E5A8-4490-BA99-E96A5EF8D4D2}.Debug|iPhone.Build.0 = Debug|Any CPU
		{DEB73938-E5A8-4490-BA99-E96A5EF8D4D2}.Debug|iPhone.Deploy.0 = Debug|Any CPU
		{DEB73938-E5A8-4490-BA99-E96A5EF8D4D2}.Debug|iPhoneSimulator.ActiveCfg = Debug|Any CPU
		{DEB73938-E5A8-4490-BA99-E96A5EF8D4D2}.Debug|iPhoneSimulator.Build.0 = Debug|Any CPU
		{DEB73938-E5A8-4490-BA99-E96A5EF8D4D2}.Debug|iPhoneSimulator.Deploy.0 = Debug|Any CPU
		{DEB73938-E5A8-4490-BA99-E96A5EF8D4D2}.Debug|x64.ActiveCfg = Debug|Any CPU
		{DEB73938-E5A8-4490-BA99-E96A5EF8D4D2}.Debug|x64.Build.0 = Debug|Any CPU
		{DEB73938-E5A8-4490-BA99-E96A5EF8D4D2}.Debug|x64.Deploy.0 = Debug|Any CPU
		{DEB73938-E5A8-4490-BA99-E96A5EF8D4D2}.Debug|x86.ActiveCfg = Debug|Any CPU
		{DEB73938-E5A8-4490-BA99-E96A5EF8D4D2}.Debug|x86.Build.0 = Debug|Any CPU
		{DEB73938-E5A8-4490-BA99-E96A5EF8D4D2}.Debug|x86.Deploy.0 = Debug|Any CPU
		{DEB73938-E5A8-4490-BA99-E96A5EF8D4D2}.Release|Any CPU.ActiveCfg = Release|Any CPU
		{DEB73938-E5A8-4490-BA99-E96A5EF8D4D2}.Release|Any CPU.Build.0 = Release|Any CPU
		{DEB73938-E5A8-4490-BA99-E96A5EF8D4D2}.Release|Any CPU.Deploy.0 = Release|Any CPU
		{DEB73938-E5A8-4490-BA99-E96A5EF8D4D2}.Release|ARM.ActiveCfg = Release|Any CPU
		{DEB73938-E5A8-4490-BA99-E96A5EF8D4D2}.Release|ARM.Build.0 = Release|Any CPU
		{DEB73938-E5A8-4490-BA99-E96A5EF8D4D2}.Release|ARM.Deploy.0 = Release|Any CPU
		{DEB73938-E5A8-4490-BA99-E96A5EF8D4D2}.Release|ARM64.ActiveCfg = Release|Any CPU
		{DEB73938-E5A8-4490-BA99-E96A5EF8D4D2}.Release|ARM64.Build.0 = Release|Any CPU
		{DEB73938-E5A8-4490-BA99-E96A5EF8D4D2}.Release|ARM64.Deploy.0 = Release|Any CPU
		{DEB73938-E5A8-4490-BA99-E96A5EF8D4D2}.Release|iPhone.ActiveCfg = Release|Any CPU
		{DEB73938-E5A8-4490-BA99-E96A5EF8D4D2}.Release|iPhone.Build.0 = Release|Any CPU
		{DEB73938-E5A8-4490-BA99-E96A5EF8D4D2}.Release|iPhone.Deploy.0 = Release|Any CPU
		{DEB73938-E5A8-4490-BA99-E96A5EF8D4D2}.Release|iPhoneSimulator.ActiveCfg = Release|Any CPU
		{DEB73938-E5A8-4490-BA99-E96A5EF8D4D2}.Release|iPhoneSimulator.Build.0 = Release|Any CPU
		{DEB73938-E5A8-4490-BA99-E96A5EF8D4D2}.Release|iPhoneSimulator.Deploy.0 = Release|Any CPU
		{DEB73938-E5A8-4490-BA99-E96A5EF8D4D2}.Release|x64.ActiveCfg = Release|Any CPU
		{DEB73938-E5A8-4490-BA99-E96A5EF8D4D2}.Release|x64.Build.0 = Release|Any CPU
		{DEB73938-E5A8-4490-BA99-E96A5EF8D4D2}.Release|x64.Deploy.0 = Release|Any CPU
		{DEB73938-E5A8-4490-BA99-E96A5EF8D4D2}.Release|x86.ActiveCfg = Release|Any CPU
		{DEB73938-E5A8-4490-BA99-E96A5EF8D4D2}.Release|x86.Build.0 = Release|Any CPU
		{DEB73938-E5A8-4490-BA99-E96A5EF8D4D2}.Release|x86.Deploy.0 = Release|Any CPU
		{0BDB70F4-849E-4417-B027-4959DE6F085F}.Debug|Any CPU.ActiveCfg = Debug|iPhone
		{0BDB70F4-849E-4417-B027-4959DE6F085F}.Debug|ARM.ActiveCfg = Debug|iPhone
		{0BDB70F4-849E-4417-B027-4959DE6F085F}.Debug|ARM64.ActiveCfg = Debug|iPhone
		{0BDB70F4-849E-4417-B027-4959DE6F085F}.Debug|iPhone.ActiveCfg = Debug|iPhone
		{0BDB70F4-849E-4417-B027-4959DE6F085F}.Debug|iPhone.Build.0 = Debug|iPhone
		{0BDB70F4-849E-4417-B027-4959DE6F085F}.Debug|iPhoneSimulator.ActiveCfg = Debug|iPhoneSimulator
		{0BDB70F4-849E-4417-B027-4959DE6F085F}.Debug|iPhoneSimulator.Build.0 = Debug|iPhoneSimulator
		{0BDB70F4-849E-4417-B027-4959DE6F085F}.Debug|x64.ActiveCfg = Debug|iPhone
		{0BDB70F4-849E-4417-B027-4959DE6F085F}.Debug|x86.ActiveCfg = Debug|iPhone
		{0BDB70F4-849E-4417-B027-4959DE6F085F}.Release|Any CPU.ActiveCfg = Release|iPhone
		{0BDB70F4-849E-4417-B027-4959DE6F085F}.Release|ARM.ActiveCfg = Release|iPhone
		{0BDB70F4-849E-4417-B027-4959DE6F085F}.Release|ARM64.ActiveCfg = Release|iPhone
		{0BDB70F4-849E-4417-B027-4959DE6F085F}.Release|iPhone.ActiveCfg = Release|iPhone
		{0BDB70F4-849E-4417-B027-4959DE6F085F}.Release|iPhone.Build.0 = Release|iPhone
		{0BDB70F4-849E-4417-B027-4959DE6F085F}.Release|iPhoneSimulator.ActiveCfg = Release|iPhoneSimulator
		{0BDB70F4-849E-4417-B027-4959DE6F085F}.Release|iPhoneSimulator.Build.0 = Release|iPhoneSimulator
		{0BDB70F4-849E-4417-B027-4959DE6F085F}.Release|x64.ActiveCfg = Release|iPhone
		{0BDB70F4-849E-4417-B027-4959DE6F085F}.Release|x86.ActiveCfg = Release|iPhone
		{82C40329-9AA7-4F6F-A62F-463DD84BF5C8}.Debug|Any CPU.ActiveCfg = Debug|Any CPU
		{82C40329-9AA7-4F6F-A62F-463DD84BF5C8}.Debug|Any CPU.Build.0 = Debug|Any CPU
		{82C40329-9AA7-4F6F-A62F-463DD84BF5C8}.Debug|ARM.ActiveCfg = Debug|Any CPU
		{82C40329-9AA7-4F6F-A62F-463DD84BF5C8}.Debug|ARM.Build.0 = Debug|Any CPU
		{82C40329-9AA7-4F6F-A62F-463DD84BF5C8}.Debug|ARM64.ActiveCfg = Debug|Any CPU
		{82C40329-9AA7-4F6F-A62F-463DD84BF5C8}.Debug|ARM64.Build.0 = Debug|Any CPU
		{82C40329-9AA7-4F6F-A62F-463DD84BF5C8}.Debug|iPhone.ActiveCfg = Debug|Any CPU
		{82C40329-9AA7-4F6F-A62F-463DD84BF5C8}.Debug|iPhone.Build.0 = Debug|Any CPU
		{82C40329-9AA7-4F6F-A62F-463DD84BF5C8}.Debug|iPhoneSimulator.ActiveCfg = Debug|Any CPU
		{82C40329-9AA7-4F6F-A62F-463DD84BF5C8}.Debug|iPhoneSimulator.Build.0 = Debug|Any CPU
		{82C40329-9AA7-4F6F-A62F-463DD84BF5C8}.Debug|x64.ActiveCfg = Debug|Any CPU
		{82C40329-9AA7-4F6F-A62F-463DD84BF5C8}.Debug|x64.Build.0 = Debug|Any CPU
		{82C40329-9AA7-4F6F-A62F-463DD84BF5C8}.Debug|x86.ActiveCfg = Debug|Any CPU
		{82C40329-9AA7-4F6F-A62F-463DD84BF5C8}.Debug|x86.Build.0 = Debug|Any CPU
		{82C40329-9AA7-4F6F-A62F-463DD84BF5C8}.Release|Any CPU.ActiveCfg = Release|Any CPU
		{82C40329-9AA7-4F6F-A62F-463DD84BF5C8}.Release|Any CPU.Build.0 = Release|Any CPU
		{82C40329-9AA7-4F6F-A62F-463DD84BF5C8}.Release|ARM.ActiveCfg = Release|Any CPU
		{82C40329-9AA7-4F6F-A62F-463DD84BF5C8}.Release|ARM.Build.0 = Release|Any CPU
		{82C40329-9AA7-4F6F-A62F-463DD84BF5C8}.Release|ARM64.ActiveCfg = Release|Any CPU
		{82C40329-9AA7-4F6F-A62F-463DD84BF5C8}.Release|ARM64.Build.0 = Release|Any CPU
		{82C40329-9AA7-4F6F-A62F-463DD84BF5C8}.Release|iPhone.ActiveCfg = Release|Any CPU
		{82C40329-9AA7-4F6F-A62F-463DD84BF5C8}.Release|iPhone.Build.0 = Release|Any CPU
		{82C40329-9AA7-4F6F-A62F-463DD84BF5C8}.Release|iPhoneSimulator.ActiveCfg = Release|Any CPU
		{82C40329-9AA7-4F6F-A62F-463DD84BF5C8}.Release|iPhoneSimulator.Build.0 = Release|Any CPU
		{82C40329-9AA7-4F6F-A62F-463DD84BF5C8}.Release|x64.ActiveCfg = Release|Any CPU
		{82C40329-9AA7-4F6F-A62F-463DD84BF5C8}.Release|x64.Build.0 = Release|Any CPU
		{82C40329-9AA7-4F6F-A62F-463DD84BF5C8}.Release|x86.ActiveCfg = Release|Any CPU
		{82C40329-9AA7-4F6F-A62F-463DD84BF5C8}.Release|x86.Build.0 = Release|Any CPU
	EndGlobalSection
	GlobalSection(SolutionProperties) = preSolution
		HideSolutionNode = FALSE
	EndGlobalSection
	GlobalSection(ExtensibilityGlobals) = postSolution
		SolutionGuid = {550B5A84-91E8-4E04-BD3E-CEA71A85555B}
	EndGlobalSection
EndGlobal
